Microsoft Visual Studio Solution File, Format Version 12.00
# Visual Studio Version 17
VisualStudioVersion = 17.7.34031.279
MinimumVisualStudioVersion = 10.0.40219.1
Project("{9A19103F-16F7-4668-BE54-9A1E7A4F7556}") = "Org.Edgerunner.Buffers", "Org.Edgerunner.Buffers\Org.Edgerunner.Buffers.csproj", "{476B63E8-2F28-4948-BC83-1333ED240E82}"
EndProject
Project("{2150E333-8FDC-42A3-9474-1A3956D46DE8}") = "Solution Items", "Solution Items", "{C277A062-4A60-4936-9C5E-46C468DA12CA}"
	ProjectSection(SolutionItems) = preProject
		.editorconfig = .editorconfig
	EndProjectSection
EndProject
Project("{9A19103F-16F7-4668-BE54-9A1E7A4F7556}") = "Org.Edgerunner.Language.Lexers", "Org.Edgerunner.Language.Lexers\Org.Edgerunner.Language.Lexers.csproj", "{D785133F-D2AB-4D83-BB85-3F63E2AECD60}"
EndProject
Project("{9A19103F-16F7-4668-BE54-9A1E7A4F7556}") = "Org.Edgerunner.BC.AL", "Org.Edgerunner.BC.AL\Org.Edgerunner.BC.AL.csproj", "{ECF23D88-5697-45E7-93A5-7EFE473A1551}"
EndProject
Project("{9A19103F-16F7-4668-BE54-9A1E7A4F7556}") = "Org.Edgerunner.Pooling", "Org.Edgerunner.Pooling\Org.Edgerunner.Pooling.csproj", "{64118EAD-0CD3-49BD-927E-5C52265733DE}"
EndProject
Project("{9A19103F-16F7-4668-BE54-9A1E7A4F7556}") = "Buffer Tests", "Buffer Tests\Buffer Tests.csproj", "{CF18CC1A-65A6-4F25-95B5-384DC4947F78}"
EndProject
Project("{9A19103F-16F7-4668-BE54-9A1E7A4F7556}") = "AL Lexer Tests", "AL Lexer Tests\AL Lexer Tests.csproj", "{A84676A8-D272-45D9-89EC-6F590554C585}"
EndProject
Project("{9A19103F-16F7-4668-BE54-9A1E7A4F7556}") = "Org.Edgerunner.Common", "Org.Ederunner.Common\Org.Edgerunner.Common.csproj", "{35E13D58-5136-4C9A-9C8D-6320C7570BD0}"
EndProject
Project("{9A19103F-16F7-4668-BE54-9A1E7A4F7556}") = "Org.Edgerunner.Language.Parsers", "Org.Edgerunner.Language.Parsers\Org.Edgerunner.Language.Parsers.csproj", "{4712E0F3-E5C4-4ACF-9B57-1DC12D4F0147}"
EndProject
Project("{9A19103F-16F7-4668-BE54-9A1E7A4F7556}") = "AL Parser Tests", "AL Parser Tests\AL Parser Tests.csproj", "{45C68159-DBCE-48BB-B024-B26DCACF9430}"
EndProject
Project("{9A19103F-16F7-4668-BE54-9A1E7A4F7556}") = "ALParser.Demo", "ALParser.Demo\ALParser.Demo.csproj", "{E8AB5EFD-0D0D-440E-8D98-1A00E84D4889}"
EndProject
Project("{9A19103F-16F7-4668-BE54-9A1E7A4F7556}") = "Grammar.AL.Antlr", "Grammar.AL.Antlr\Grammar.AL.Antlr.csproj", "{FD9CC6A1-3E27-4FDF-8E23-AC97DCCECA57}"
EndProject
Global
	GlobalSection(SolutionConfigurationPlatforms) = preSolution
		Debug|Any CPU = Debug|Any CPU
		Release|Any CPU = Release|Any CPU
	EndGlobalSection
	GlobalSection(ProjectConfigurationPlatforms) = postSolution
		{476B63E8-2F28-4948-BC83-1333ED240E82}.Debug|Any CPU.ActiveCfg = Debug|Any CPU
		{476B63E8-2F28-4948-BC83-1333ED240E82}.Debug|Any CPU.Build.0 = Debug|Any CPU
		{476B63E8-2F28-4948-BC83-1333ED240E82}.Release|Any CPU.ActiveCfg = Release|Any CPU
		{476B63E8-2F28-4948-BC83-1333ED240E82}.Release|Any CPU.Build.0 = Release|Any CPU
		{D785133F-D2AB-4D83-BB85-3F63E2AECD60}.Debug|Any CPU.ActiveCfg = Debug|Any CPU
		{D785133F-D2AB-4D83-BB85-3F63E2AECD60}.Debug|Any CPU.Build.0 = Debug|Any CPU
		{D785133F-D2AB-4D83-BB85-3F63E2AECD60}.Release|Any CPU.ActiveCfg = Release|Any CPU
		{D785133F-D2AB-4D83-BB85-3F63E2AECD60}.Release|Any CPU.Build.0 = Release|Any CPU
		{ECF23D88-5697-45E7-93A5-7EFE473A1551}.Debug|Any CPU.ActiveCfg = Debug|Any CPU
		{ECF23D88-5697-45E7-93A5-7EFE473A1551}.Debug|Any CPU.Build.0 = Debug|Any CPU
		{ECF23D88-5697-45E7-93A5-7EFE473A1551}.Release|Any CPU.ActiveCfg = Release|Any CPU
		{ECF23D88-5697-45E7-93A5-7EFE473A1551}.Release|Any CPU.Build.0 = Release|Any CPU
		{64118EAD-0CD3-49BD-927E-5C52265733DE}.Debug|Any CPU.ActiveCfg = Debug|Any CPU
		{64118EAD-0CD3-49BD-927E-5C52265733DE}.Debug|Any CPU.Build.0 = Debug|Any CPU
		{64118EAD-0CD3-49BD-927E-5C52265733DE}.Release|Any CPU.ActiveCfg = Release|Any CPU
		{64118EAD-0CD3-49BD-927E-5C52265733DE}.Release|Any CPU.Build.0 = Release|Any CPU
		{CF18CC1A-65A6-4F25-95B5-384DC4947F78}.Debug|Any CPU.ActiveCfg = Debug|Any CPU
		{CF18CC1A-65A6-4F25-95B5-384DC4947F78}.Debug|Any CPU.Build.0 = Debug|Any CPU
		{CF18CC1A-65A6-4F25-95B5-384DC4947F78}.Release|Any CPU.ActiveCfg = Release|Any CPU
		{CF18CC1A-65A6-4F25-95B5-384DC4947F78}.Release|Any CPU.Build.0 = Release|Any CPU
		{A84676A8-D272-45D9-89EC-6F590554C585}.Debug|Any CPU.ActiveCfg = Debug|Any CPU
		{A84676A8-D272-45D9-89EC-6F590554C585}.Debug|Any CPU.Build.0 = Debug|Any CPU
		{A84676A8-D272-45D9-89EC-6F590554C585}.Release|Any CPU.ActiveCfg = Release|Any CPU
		{A84676A8-D272-45D9-89EC-6F590554C585}.Release|Any CPU.Build.0 = Release|Any CPU
		{35E13D58-5136-4C9A-9C8D-6320C7570BD0}.Debug|Any CPU.ActiveCfg = Debug|Any CPU
		{35E13D58-5136-4C9A-9C8D-6320C7570BD0}.Debug|Any CPU.Build.0 = Debug|Any CPU
		{35E13D58-5136-4C9A-9C8D-6320C7570BD0}.Release|Any CPU.ActiveCfg = Release|Any CPU
		{35E13D58-5136-4C9A-9C8D-6320C7570BD0}.Release|Any CPU.Build.0 = Release|Any CPU
		{4712E0F3-E5C4-4ACF-9B57-1DC12D4F0147}.Debug|Any CPU.ActiveCfg = Debug|Any CPU
		{4712E0F3-E5C4-4ACF-9B57-1DC12D4F0147}.Debug|Any CPU.Build.0 = Debug|Any CPU
		{4712E0F3-E5C4-4ACF-9B57-1DC12D4F0147}.Release|Any CPU.ActiveCfg = Release|Any CPU
		{4712E0F3-E5C4-4ACF-9B57-1DC12D4F0147}.Release|Any CPU.Build.0 = Release|Any CPU
		{45C68159-DBCE-48BB-B024-B26DCACF9430}.Debug|Any CPU.ActiveCfg = Debug|Any CPU
		{45C68159-DBCE-48BB-B024-B26DCACF9430}.Debug|Any CPU.Build.0 = Debug|Any CPU
		{45C68159-DBCE-48BB-B024-B26DCACF9430}.Release|Any CPU.ActiveCfg = Release|Any CPU
		{45C68159-DBCE-48BB-B024-B26DCACF9430}.Release|Any CPU.Build.0 = Release|Any CPU
		{E8AB5EFD-0D0D-440E-8D98-1A00E84D4889}.Debug|Any CPU.ActiveCfg = Debug|Any CPU
		{E8AB5EFD-0D0D-440E-8D98-1A00E84D4889}.Debug|Any CPU.Build.0 = Debug|Any CPU
		{E8AB5EFD-0D0D-440E-8D98-1A00E84D4889}.Release|Any CPU.ActiveCfg = Release|Any CPU
		{E8AB5EFD-0D0D-440E-8D98-1A00E84D4889}.Release|Any CPU.Build.0 = Release|Any CPU
		{FD9CC6A1-3E27-4FDF-8E23-AC97DCCECA57}.Debug|Any CPU.ActiveCfg = Debug|Any CPU
		{FD9CC6A1-3E27-4FDF-8E23-AC97DCCECA57}.Debug|Any CPU.Build.0 = Debug|Any CPU
		{FD9CC6A1-3E27-4FDF-8E23-AC97DCCECA57}.Release|Any CPU.ActiveCfg = Release|Any CPU
		{FD9CC6A1-3E27-4FDF-8E23-AC97DCCECA57}.Release|Any CPU.Build.0 = Release|Any CPU
	EndGlobalSection
	GlobalSection(SolutionProperties) = preSolution
		HideSolutionNode = FALSE
	EndGlobalSection
	GlobalSection(ExtensibilityGlobals) = postSolution
		SolutionGuid = {B593C9F6-DE44-4A7A-BF46-3624DB5D5199}
	EndGlobalSection
EndGlobal
